
Microsoft Visual Studio Solution File, Format Version 12.00
# Visual Studio 15
VisualStudioVersion = 15.0.28307.329
MinimumVisualStudioVersion = 10.0.40219.1
Project("{FAE04EC0-301F-11D3-BF4B-00C04F79EFBC}") = "VendasWebMvc", "VendasWebMvc\VendasWebMvc.csproj", "{118952F5-C87F-4160-BFDF-DB95AAAB4C93}"
EndProject
Global
	GlobalSection(SolutionConfigurationPlatforms) = preSolution
		Debug|Any CPU = Debug|Any CPU
		Release|Any CPU = Release|Any CPU
	EndGlobalSection
	GlobalSection(ProjectConfigurationPlatforms) = postSolution
		{118952F5-C87F-4160-BFDF-DB95AAAB4C93}.Debug|Any CPU.ActiveCfg = Debug|Any CPU
		{118952F5-C87F-4160-BFDF-DB95AAAB4C93}.Debug|Any CPU.Build.0 = Debug|Any CPU
		{118952F5-C87F-4160-BFDF-DB95AAAB4C93}.Release|Any CPU.ActiveCfg = Release|Any CPU
		{118952F5-C87F-4160-BFDF-DB95AAAB4C93}.Release|Any CPU.Build.0 = Release|Any CPU
	EndGlobalSection
	GlobalSection(SolutionProperties) = preSolution
		HideSolutionNode = FALSE
	EndGlobalSection
	GlobalSection(ExtensibilityGlobals) = postSolution
		SolutionGuid = {FE89508D-26D7-4D14-B941-A39F13A88701}
	EndGlobalSection
EndGlobal
